
Microsoft Visual Studio Solution File, Format Version 12.00
# Visual Studio Version 16
VisualStudioVersion = 16.0.31624.102
MinimumVisualStudioVersion = 10.0.40219.1
Project("{FAE04EC0-301F-11D3-BF4B-00C04F79EFBC}") = "Fabrica", "Fabrica.csproj", "{FC976B56-F1FE-47A0-AEC8-7DE397DDB44A}"
EndProject
Global
	GlobalSection(SolutionConfigurationPlatforms) = preSolution
		Debug|Any CPU = Debug|Any CPU
		Release|Any CPU = Release|Any CPU
	EndGlobalSection
	GlobalSection(ProjectConfigurationPlatforms) = postSolution
		{FC976B56-F1FE-47A0-AEC8-7DE397DDB44A}.Debug|Any CPU.ActiveCfg = Debug|Any CPU
		{FC976B56-F1FE-47A0-AEC8-7DE397DDB44A}.Debug|Any CPU.Build.0 = Debug|Any CPU
		{FC976B56-F1FE-47A0-AEC8-7DE397DDB44A}.Release|Any CPU.ActiveCfg = Release|Any CPU
		{FC976B56-F1FE-47A0-AEC8-7DE397DDB44A}.Release|Any CPU.Build.0 = Release|Any CPU
	EndGlobalSection
	GlobalSection(SolutionProperties) = preSolution
		HideSolutionNode = FALSE
	EndGlobalSection
	GlobalSection(ExtensibilityGlobals) = postSolution
		SolutionGuid = {F53D1C19-D5E9-4F09-A25F-55B3A3D7891D}
	EndGlobalSection
EndGlobal
